github.com/jinzhu/inflection v1.0.0 h1:K317FqzuhWc8YvSVlFMCCUb36O/S9MCKRDI7QkRKD/E=
github.com/jinzhu/inflection v1.0.0/go.mod h1:h+uFLlag+Qp1Va5pdKtLDYj+kHp5pxUVkryuEj+Srlc=
github.com/jinzhu/now v1.1.5 h1:/o9tlHleP7gOFmsnYNz3RGnqzefHA47wQpKrrdTIwXQ=
github.com/jinzhu/now v1.1.5/go.mod h1:d3SSVoowX0Lcu0IBviAWJpolVfI5UJVZZ7cO71lE/z8=
github.com/ml444/glog v1.1.0 h1:QPr9lAE5ufhpb6Zl1k72b9S4CxqvsVj05X0qSRIzTT4=
github.com/ml444/glog v1.1.0/go.mod h1:sf4f/Eqxw8RKoQ+Vl+m7qNQ0UWCLRVKQ429Sjt1dOio=
github.com/petermattis/goid v0.0.0-20240716203034-badd1c0974d6 h1:DUDJI8T/9NcGbbL+AWk6vIYlmQ8ZBS8LZqVre6zbkPQ=
github.com/petermattis/goid v0.0.0-20240716203034-badd1c0974d6/go.mod h1:pxMtw7cyUw6B2bRH0ZBANSPg+AoSud1I1iyJHI69jH4=
golang.org/x/text v0.28.0 h1:rhazDwis8INMIwQ4tpjLDzUhx6RlXqZNPEM0huQojng=
golang.org/x/text v0.28.0/go.mod h1:U8nCwOR8jO/marOQ0QbDiOngZVEBB7MAiitBuMjXiNU=
gorm.io/gorm v1.31.1 h1:7CA8FTFz/gRfgqgpeKIBcervUn3xSyPUmr6B2WXJ7kg=
gorm.io/gorm v1.31.1/go.mod h1:XyQVbO2k6YkOis7C2437jSit3SsDK72s7n7rsSHd+Gs=
