github.com/cenkalti/backoff/v4 v4.2.1 h1:y4OZtCnogmCPw98Zjyt5a6+QwPLGkiQsYW5oUqylYbM=
github.com/cenkalti/backoff/v4 v4.2.1/go.mod h1:Y3VNntkOUPxTVeUxJ/G5vcM//AlwfmyYozVcomhLiZE=
github.com/davecgh/go-spew v1.1.1 h1:vj9j/u1bqnvCEfJOwUhtlOARqs3+rkHYY13jYWTU97c=
github.com/davecgh/go-spew v1.1.1/go.mod h1:J7Y8YcW2NihsgmVo/mv3lAwl/skON4iLHjSsI+c5H38=
github.com/go-logr/logr v1.2.2/go.mod h1:jdQByPbusPIv2/zmleS9BjJVeZ6kBagPoEUsqbVz/1A=
github.com/go-logr/logr v1.3.0 h1:2y3SDp0ZXuc6/cjLSZ+Q3ir+QB9T/iG5yYRXqsagWSY=
github.com/go-logr/logr v1.3.0/go.mod h1:9T104GzyrTigFIr8wt5mBrctHMim0Nb2HLGrmQ40KvY=
github.com/go-logr/stdr v1.2.2 h1:hSWxHoqTgW2S2qGc0LTAI563KZ5YKYRhT3MFKZMbjag=
github.com/go-logr/stdr v1.2.2/go.mod h1:mMo/vtBO5dYbehREoey6XUKy/eSumjCCveDpRre4VKE=
github.com/go-playground/form v3.1.4+incompatible h1:lvKiHVxE2WvzDIoyMnWcjyiBxKt2+uFJyZcPYWsLnjI=
github.com/go-playground/form v3.1.4+incompatible/go.mod h1:lhcKXfTuhRtIZCIKUeJ0b5F207aeQCPbZU09ScKjwWg=
github.com/golang/glog v1.1.2 h1:DVjP2PbBOzHyzA+dn3WhHIq4NdVu3Q+pvivFICf/7fo=
github.com/golang/glog v1.1.2/go.mod h1:zR+okUeTbrL6EL3xHUDxZuEtGv04p5shwip1+mL/rLQ=
github.com/golang/protobuf v1.5.0/go.mod h1:FsONVRAS9T7sI+LIUmWTfcYkHO4aIWwzhcaSAoJOfIk=
github.com/golang/protobuf v1.5.3 h1:KhyjKVUg7Usr/dYsdSqoFveMYd5ko72D+zANwlG1mmg=
github.com/golang/protobuf v1.5.3/go.mod h1:XVQd3VNwM+JqD3oG2Ue2ip4fOMUkwXdXDdiuN0vRsmY=
github.com/google/go-cmp v0.5.5/go.mod h1:v8dTdLbMG2kIc/vJvl+f65V22dbkXbowE6jgT/gNBxE=
github.com/google/go-cmp v0.7.0 h1:wk8382ETsv4JYUZwIsn6YpYiWiBsYLSJiTsyBybVuN8=
github.com/google/go-cmp v0.7.0/go.mod h1:pXiqmnSA92OHEEa9HXL2W4E7lf9JzCmGVUdgjX3N/iU=
github.com/gorilla/mux v1.8.1 h1:TuBL49tXwgrFYWhqrNgrUNEY92u81SPhu7sTdzQEiWY=
github.com/gorilla/mux v1.8.1/go.mod h1:AKf9I4AEqPTmMytcMc0KkNouC66V3BtZ4qD5fmWSiMQ=
github.com/grpc-ecosystem/grpc-gateway/v2 v2.16.0 h1:YBftPWNWd4WwGqtY2yeZL2ef8rHAxPBD8KFhJpmcqms=
github.com/grpc-ecosystem/grpc-gateway/v2 v2.16.0/go.mod h1:YN5jB8ie0yfIUg6VvR9Kz84aCaG7AsGZnLjhHbUqwPg=
github.com/jinzhu/inflection v1.0.0 h1:K317FqzuhWc8YvSVlFMCCUb36O/S9MCKRDI7QkRKD/E=
github.com/jinzhu/inflection v1.0.0/go.mod h1:h+uFLlag+Qp1Va5pdKtLDYj+kHp5pxUVkryuEj+Srlc=
github.com/jinzhu/now v1.1.5 h1:/o9tlHleP7gOFmsnYNz3RGnqzefHA47wQpKrrdTIwXQ=
github.com/jinzhu/now v1.1.5/go.mod h1:d3SSVoowX0Lcu0IBviAWJpolVfI5UJVZZ7cO71lE/z8=
github.com/petermattis/goid v0.0.0-20230904192822-1876fd5063bc h1:8bQZVK1X6BJR/6nYUPxQEP+ReTsceJTKizeuwjWOPUA=
github.com/petermattis/goid v0.0.0-20230904192822-1876fd5063bc/go.mod h1:pxMtw7cyUw6B2bRH0ZBANSPg+AoSud1I1iyJHI69jH4=
github.com/pmezard/go-difflib v1.0.0 h1:4DBwDE0NGyQoBHbLQYPwSUPoCMWR5BEzIk/f1lZbAQM=
github.com/pmezard/go-difflib v1.0.0/go.mod h1:iKH77koFhYxTK1pcRnkKkqfTogsbg7gZNVY4sRDYZ/4=
github.com/stretchr/testify v1.8.4 h1:CcVxjf3Q8PM0mHUKJCdn+eZZtm5yQwehR5yeSVQQcUk=
github.com/stretchr/testify v1.8.4/go.mod h1:sz/lmYIOXD/1dqDmKjjqLyZ2RngseejIcXlSw2iwfAo=
go.opentelemetry.io/otel v1.20.0 h1:vsb/ggIY+hUjD/zCAQHpzTmndPqv/ml2ArbsbfBYTAc=
go.opentelemetry.io/otel v1.20.0/go.mod h1:oUIGj3D77RwJdM6PPZImDpSZGDvkD9fhesHny69JFrs=
go.opentelemetry.io/otel/exporters/otlp/otlptrace v1.20.0 h1:DeFD0VgTZ+Cj6hxravYYZE2W4GlneVH81iAOPjZkzk8=
go.opentelemetry.io/otel/exporters/otlp/otlptrace v1.20.0/go.mod h1:GijYcYmNpX1KazD5JmWGsi4P7dDTTTnfv1UbGn84MnU=
go.opentelemetry.io/otel/exporters/otlp/otlptrace/otlptracehttp v1.20.0 h1:CsBiKCiQPdSjS+MlRiqeTI9JDDpSuk0Hb6QTRfwer8k=
go.opentelemetry.io/otel/exporters/otlp/otlptrace/otlptracehttp v1.20.0/go.mod h1:CMJYNAfooOwSZSAmAeMUV1M+TXld3BiK++z9fqIm2xk=
go.opentelemetry.io/otel/metric v1.20.0 h1:ZlrO8Hu9+GAhnepmRGhSU7/VkpjrNowxRN9GyKR4wzA=
go.opentelemetry.io/otel/metric v1.20.0/go.mod h1:90DRw3nfK4D7Sm/75yQ00gTJxtkBxX+wu6YaNymbpVM=
go.opentelemetry.io/otel/sdk v1.20.0 h1:5Jf6imeFZlZtKv9Qbo6qt2ZkmWtdWx/wzcCbNUlAWGM=
go.opentelemetry.io/otel/sdk v1.20.0/go.mod h1:rmkSx1cZCm/tn16iWDn1GQbLtsW/LvsdEEFzCSRM6V0=
go.opentelemetry.io/otel/trace v1.20.0 h1:+yxVAPZPbQhbC3OfAkeIVTky6iTFpcr4SiY9om7mXSQ=
go.opentelemetry.io/otel/trace v1.20.0/go.mod h1:HJSK7F/hA5RlzpZ0zKDCHCDHm556LCDtKaAo6JmBFUU=
go.opentelemetry.io/proto/otlp v1.0.0 h1:T0TX0tmXU8a3CbNXzEKGeU5mIVOdf0oykP+u2lIVU/I=
go.opentelemetry.io/proto/otlp v1.0.0/go.mod h1:Sy6pihPLfYHkr3NkUbEhGHFhINUSI/v80hjKIs5JXpM=
golang.org/x/net v0.43.0 h1:lat02VYK2j4aLzMzecihNvTlJNQUq316m2Mr9rnM6YE=
golang.org/x/net v0.43.0/go.mod h1:vhO1fvI4dGsIjh73sWfUVjj3N7CA9WkKJNQm2svM6Jg=
golang.org/x/sync v0.16.0 h1:ycBJEhp9p4vXvUZNszeOq0kGTPghopOL8q0fq3vstxw=
golang.org/x/sync v0.16.0/go.mod h1:1dzgHSNfp02xaA81J2MS99Qcpr2w7fw1gpm99rleRqA=
golang.org/x/sys v0.35.0 h1:vz1N37gP5bs89s7He8XuIYXpyY0+QlsKmzipCbUtyxI=
golang.org/x/sys v0.35.0/go.mod h1:BJP2sWEmIv4KK5OTEluFJCKSidICx8ciO85XgH3Ak8k=
golang.org/x/text v0.28.0 h1:rhazDwis8INMIwQ4tpjLDzUhx6RlXqZNPEM0huQojng=
golang.org/x/text v0.28.0/go.mod h1:U8nCwOR8jO/marOQ0QbDiOngZVEBB7MAiitBuMjXiNU=
golang.org/x/xerrors v0.0.0-20191204190536-9bdfabe68543/go.mod h1:I/5z698sn9Ka8TeJc9MKroUUfqBBauWjQqLJ2OPfmY0=
google.golang.org/genproto v0.0.0-20240102182953-50ed04b92917 h1:nz5NESFLZbJGPFxDT/HCn+V1mZ8JGNoY4nUpmW/Y2eg=
google.golang.org/genproto v0.0.0-20240102182953-50ed04b92917/go.mod h1:pZqR+glSb11aJ+JQcczCvgf47+duRuzNSKqE8YAQnV0=
google.golang.org/genproto/googleapis/api v0.0.0-20231212172506-995d672761c0 h1:s1w3X6gQxwrLEpxnLd/qXTVLgQE2yXwaOaoa6IlY/+o=
google.golang.org/genproto/googleapis/api v0.0.0-20231212172506-995d672761c0/go.mod h1:CAny0tYF+0/9rmDB9fahA9YLzX3+AEVl1qXbv5hhj6c=
google.golang.org/genproto/googleapis/rpc v0.0.0-20240108191215-35c7eff3a6b1 h1:gphdwh0npgs8elJ4T6J+DQJHPVF7RsuJHCfwztUb4J4=
google.golang.org/genproto/googleapis/rpc v0.0.0-20240108191215-35c7eff3a6b1/go.mod h1:daQN87bsDqDoe316QbbvX60nMoJQa4r6Ds0ZuoAe5yA=
google.golang.org/grpc v1.60.1 h1:26+wFr+cNqSGFcOXcabYC0lUVJVRa2Sb2ortSK7VrEU=
google.golang.org/grpc v1.60.1/go.mod h1:OlCHIeLYqSSsLi6i49B5QGdzaMZK9+M7LXN2FKz4eGM=
google.golang.org/protobuf v1.26.0-rc.1/go.mod h1:jlhhOSvTdKEhbULTjvd4ARK9grFBp09yW+WbY/TyQbw=
google.golang.org/protobuf v1.26.0/go.mod h1:9q0QmTI4eRPtz6boOQmLYwt+qCgq0jsYwAQnmE0givc=
google.golang.org/protobuf v1.36.8 h1:xHScyCOEuuwZEc6UtSOvPbAT4zRh0xcNRYekJwfqyMc=
google.golang.org/protobuf v1.36.8/go.mod h1:fuxRtAxBytpl4zzqUh6/eyUujkJdNiuEkXntxiD/uRU=
gopkg.in/go-playground/assert.v1 v1.2.1 h1:xoYuJVE7KT85PYWrN730RguIQO0ePzVRfFMXadIrXTM=
gopkg.in/go-playground/assert.v1 v1.2.1/go.mod h1:9RXL0bg/zibRAgZUYszZSwO/z8Y/a8bDuhia5mkpMnE=
gopkg.in/yaml.v3 v3.0.1 h1:fxVm/GzAzEWqLHuvctI91KS9hhNmmWOoWu0XTYJS7CA=
gopkg.in/yaml.v3 v3.0.1/go.mod h1:K4uyk7z7BCEPqu6E+C64Yfv1cQ7kz7rIZviUmN+EgEM=
gorm.io/gorm v1.31.1 h1:7CA8FTFz/gRfgqgpeKIBcervUn3xSyPUmr6B2WXJ7kg=
gorm.io/gorm v1.31.1/go.mod h1:XyQVbO2k6YkOis7C2437jSit3SsDK72s7n7rsSHd+Gs=
